
Microsoft Visual Studio Solution File, Format Version 12.00
# Visual Studio 2012
Project("{FAE04EC0-301F-11D3-BF4B-00C04F79EFBC}") = "ConsoleApplication1", "ConsoleApplication1\ConsoleApplication1.csproj", "{D93734FD-5399-4147-A501-533DB5FB485C}"
EndProject
Project("{FAE04EC0-301F-11D3-BF4B-00C04F79EFBC}") = "EcommerceSearch", "EcommerceSearch\EcommerceSearch.csproj", "{E75161BD-EFC6-4E9F-A57B-CFBB626C0477}"
EndProject
Global
	GlobalSection(SolutionConfigurationPlatforms) = preSolution
		Debug|Any CPU = Debug|Any CPU
		Release|Any CPU = Release|Any CPU
	EndGlobalSection
	GlobalSection(ProjectConfigurationPlatforms) = postSolution
		{D93734FD-5399-4147-A501-533DB5FB485C}.Debug|Any CPU.ActiveCfg = Debug|Any CPU
		{D93734FD-5399-4147-A501-533DB5FB485C}.Debug|Any CPU.Build.0 = Debug|Any CPU
		{D93734FD-5399-4147-A501-533DB5FB485C}.Release|Any CPU.ActiveCfg = Release|Any CPU
		{D93734FD-5399-4147-A501-533DB5FB485C}.Release|Any CPU.Build.0 = Release|Any CPU
		{E75161BD-EFC6-4E9F-A57B-CFBB626C0477}.Debug|Any CPU.ActiveCfg = Debug|Any CPU
		{E75161BD-EFC6-4E9F-A57B-CFBB626C0477}.Debug|Any CPU.Build.0 = Debug|Any CPU
		{E75161BD-EFC6-4E9F-A57B-CFBB626C0477}.Release|Any CPU.ActiveCfg = Release|Any CPU
		{E75161BD-EFC6-4E9F-A57B-CFBB626C0477}.Release|Any CPU.Build.0 = Release|Any CPU
	EndGlobalSection
	GlobalSection(SolutionProperties) = preSolution
		HideSolutionNode = FALSE
	EndGlobalSection
EndGlobal
